
Microsoft Visual Studio Solution File, Format Version 12.00
# Visual Studio Version 17
VisualStudioVersion = 17.5.33424.131
MinimumVisualStudioVersion = 10.0.40219.1
Project("{2150E333-8FDC-42A3-9474-1A3956D46DE8}") = "src", "src", "{6955FB41-20E6-4872-90BA-87FFDB8EB72C}"
EndProject
Project("{2150E333-8FDC-42A3-9474-1A3956D46DE8}") = "tests", "tests", "{071A253C-8A2A-417A-A614-ED39BFA041DB}"
EndProject
Project("{2150E333-8FDC-42A3-9474-1A3956D46DE8}") = "WebClients", "WebClients", "{91F43444-2132-411E-AFA3-D280D4407A2B}"
EndProject
Project("{2150E333-8FDC-42A3-9474-1A3956D46DE8}") = "Services", "Services", "{A1B14F4F-3A22-4000-A06E-B4854E511818}"
EndProject
Project("{2150E333-8FDC-42A3-9474-1A3956D46DE8}") = "ApiGateways", "ApiGateways", "{5A6BA151-0D56-4DAA-B6AF-E7F4F2D9D711}"
EndProject
Project("{2150E333-8FDC-42A3-9474-1A3956D46DE8}") = "Accounts", "Accounts", "{C4116955-3085-422C-8DB2-E0D2BD437D71}"
EndProject
Project("{2150E333-8FDC-42A3-9474-1A3956D46DE8}") = "Assignments", "Assignments", "{878CF26C-27FC-4CC6-BF53-BE8021C8EC6A}"
EndProject
Project("{2150E333-8FDC-42A3-9474-1A3956D46DE8}") = "BuildingBlocks", "BuildingBlocks", "{970C19E2-58EA-45D6-AD66-2AEE6FBB868C}"
EndProject
Project("{2150E333-8FDC-42A3-9474-1A3956D46DE8}") = "EventBus", "EventBus", "{CBCED542-BD4B-4A31-BD92-59BA250DA2F9}"
EndProject
Project("{2150E333-8FDC-42A3-9474-1A3956D46DE8}") = "BlobStorage", "BlobStorage", "{24EF41B2-9649-4B0D-A077-57721B9E6F6C}"
EndProject
Project("{9A19103F-16F7-4668-BE54-9A1E7A4F7556}") = "Assigments.Domain", "src\Services\Assigments\Assigments.Domain\Assigments.Domain.csproj", "{9FD47D51-46FF-45B8-A11E-D09B424EA54B}"
EndProject
Project("{9A19103F-16F7-4668-BE54-9A1E7A4F7556}") = "Assigments.API", "src\Services\Assigments\Assigments.API\Assigments.API.csproj", "{1410C598-3EDA-4976-9082-3B44B75471C5}"
EndProject
Project("{9A19103F-16F7-4668-BE54-9A1E7A4F7556}") = "Identity.API", "src\Services\Accounts\Identity.API\Identity.API.csproj", "{0368DC3A-5AF8-48E8-8F1B-0FE5E1368540}"
EndProject
Project("{9A19103F-16F7-4668-BE54-9A1E7A4F7556}") = "Groups.API", "src\Services\Accounts\Groups.API\Groups.API.csproj", "{216F7D90-A586-4FA4-AD2E-83FC86B0C65E}"
EndProject
Project("{9A19103F-16F7-4668-BE54-9A1E7A4F7556}") = "BlobStorage", "src\Services\BlobStorage\BlobStorage\BlobStorage.csproj", "{E367D8E3-5007-4749-B6BF-B9093E50B832}"
EndProject
Project("{54A90642-561A-4BB1-A94E-469ADEE60C69}") = "reactclient", "src\WebClients\reactclient\reactclient.esproj", "{B7F9D680-C4AB-4FF5-A0A9-BAE420FA62D6}"
EndProject
Project("{9A19103F-16F7-4668-BE54-9A1E7A4F7556}") = "EventBus", "src\BuildingBlocks\EventBus\EventBus\EventBus.csproj", "{4D789A71-6755-41DA-831C-DAE9A6362AD2}"
EndProject
Project("{9A19103F-16F7-4668-BE54-9A1E7A4F7556}") = "EventBus.AzureServiceBus", "src\BuildingBlocks\EventBus\EventBusAzureServiceBus\EventBus.AzureServiceBus.csproj", "{FB80707C-846E-4E17-BFE2-6B6695E318A1}"
EndProject
Project("{9A19103F-16F7-4668-BE54-9A1E7A4F7556}") = "EventBus.RabbitMQ", "src\BuildingBlocks\EventBus\EventBusRabbitMQ\EventBus.RabbitMQ.csproj", "{B61521B0-17BB-431F-BCB2-17F96C21B1E7}"
EndProject
Project("{9A19103F-16F7-4668-BE54-9A1E7A4F7556}") = "Assigments.Application", "src\Services\Assigments\Assigments.Application\Assigments.Application.csproj", "{C6E32DFD-4189-48AD-BE90-D57ADA89FA1A}"
EndProject
Project("{9A19103F-16F7-4668-BE54-9A1E7A4F7556}") = "Assigments.Infrastructure", "src\Services\Assigments\Assigments.Infrastructure\Assigments.Infrastructure.csproj", "{E4CADC0F-7890-4C7C-BD1B-8AF1987BD934}"
EndProject
Global
	GlobalSection(SolutionConfigurationPlatforms) = preSolution
		Debug|Any CPU = Debug|Any CPU
		Release|Any CPU = Release|Any CPU
	EndGlobalSection
	GlobalSection(ProjectConfigurationPlatforms) = postSolution
		{9FD47D51-46FF-45B8-A11E-D09B424EA54B}.Debug|Any CPU.ActiveCfg = Debug|Any CPU
		{9FD47D51-46FF-45B8-A11E-D09B424EA54B}.Debug|Any CPU.Build.0 = Debug|Any CPU
		{9FD47D51-46FF-45B8-A11E-D09B424EA54B}.Release|Any CPU.ActiveCfg = Release|Any CPU
		{9FD47D51-46FF-45B8-A11E-D09B424EA54B}.Release|Any CPU.Build.0 = Release|Any CPU
		{1410C598-3EDA-4976-9082-3B44B75471C5}.Debug|Any CPU.ActiveCfg = Debug|Any CPU
		{1410C598-3EDA-4976-9082-3B44B75471C5}.Debug|Any CPU.Build.0 = Debug|Any CPU
		{1410C598-3EDA-4976-9082-3B44B75471C5}.Release|Any CPU.ActiveCfg = Release|Any CPU
		{1410C598-3EDA-4976-9082-3B44B75471C5}.Release|Any CPU.Build.0 = Release|Any CPU
		{0368DC3A-5AF8-48E8-8F1B-0FE5E1368540}.Debug|Any CPU.ActiveCfg = Debug|Any CPU
		{0368DC3A-5AF8-48E8-8F1B-0FE5E1368540}.Debug|Any CPU.Build.0 = Debug|Any CPU
		{0368DC3A-5AF8-48E8-8F1B-0FE5E1368540}.Release|Any CPU.ActiveCfg = Release|Any CPU
		{0368DC3A-5AF8-48E8-8F1B-0FE5E1368540}.Release|Any CPU.Build.0 = Release|Any CPU
		{216F7D90-A586-4FA4-AD2E-83FC86B0C65E}.Debug|Any CPU.ActiveCfg = Debug|Any CPU
		{216F7D90-A586-4FA4-AD2E-83FC86B0C65E}.Debug|Any CPU.Build.0 = Debug|Any CPU
		{216F7D90-A586-4FA4-AD2E-83FC86B0C65E}.Release|Any CPU.ActiveCfg = Release|Any CPU
		{216F7D90-A586-4FA4-AD2E-83FC86B0C65E}.Release|Any CPU.Build.0 = Release|Any CPU
		{E367D8E3-5007-4749-B6BF-B9093E50B832}.Debug|Any CPU.ActiveCfg = Debug|Any CPU
		{E367D8E3-5007-4749-B6BF-B9093E50B832}.Debug|Any CPU.Build.0 = Debug|Any CPU
		{E367D8E3-5007-4749-B6BF-B9093E50B832}.Release|Any CPU.ActiveCfg = Release|Any CPU
		{E367D8E3-5007-4749-B6BF-B9093E50B832}.Release|Any CPU.Build.0 = Release|Any CPU
		{B7F9D680-C4AB-4FF5-A0A9-BAE420FA62D6}.Debug|Any CPU.ActiveCfg = Debug|Any CPU
		{B7F9D680-C4AB-4FF5-A0A9-BAE420FA62D6}.Debug|Any CPU.Build.0 = Debug|Any CPU
		{B7F9D680-C4AB-4FF5-A0A9-BAE420FA62D6}.Debug|Any CPU.Deploy.0 = Debug|Any CPU
		{B7F9D680-C4AB-4FF5-A0A9-BAE420FA62D6}.Release|Any CPU.ActiveCfg = Release|Any CPU
		{B7F9D680-C4AB-4FF5-A0A9-BAE420FA62D6}.Release|Any CPU.Build.0 = Release|Any CPU
		{B7F9D680-C4AB-4FF5-A0A9-BAE420FA62D6}.Release|Any CPU.Deploy.0 = Release|Any CPU
		{4D789A71-6755-41DA-831C-DAE9A6362AD2}.Debug|Any CPU.ActiveCfg = Debug|Any CPU
		{4D789A71-6755-41DA-831C-DAE9A6362AD2}.Debug|Any CPU.Build.0 = Debug|Any CPU
		{4D789A71-6755-41DA-831C-DAE9A6362AD2}.Release|Any CPU.ActiveCfg = Release|Any CPU
		{4D789A71-6755-41DA-831C-DAE9A6362AD2}.Release|Any CPU.Build.0 = Release|Any CPU
		{FB80707C-846E-4E17-BFE2-6B6695E318A1}.Debug|Any CPU.ActiveCfg = Debug|Any CPU
		{FB80707C-846E-4E17-BFE2-6B6695E318A1}.Debug|Any CPU.Build.0 = Debug|Any CPU
		{FB80707C-846E-4E17-BFE2-6B6695E318A1}.Release|Any CPU.ActiveCfg = Release|Any CPU
		{FB80707C-846E-4E17-BFE2-6B6695E318A1}.Release|Any CPU.Build.0 = Release|Any CPU
		{B61521B0-17BB-431F-BCB2-17F96C21B1E7}.Debug|Any CPU.ActiveCfg = Debug|Any CPU
		{B61521B0-17BB-431F-BCB2-17F96C21B1E7}.Debug|Any CPU.Build.0 = Debug|Any CPU
		{B61521B0-17BB-431F-BCB2-17F96C21B1E7}.Release|Any CPU.ActiveCfg = Release|Any CPU
		{B61521B0-17BB-431F-BCB2-17F96C21B1E7}.Release|Any CPU.Build.0 = Release|Any CPU
		{C6E32DFD-4189-48AD-BE90-D57ADA89FA1A}.Debug|Any CPU.ActiveCfg = Debug|Any CPU
		{C6E32DFD-4189-48AD-BE90-D57ADA89FA1A}.Debug|Any CPU.Build.0 = Debug|Any CPU
		{C6E32DFD-4189-48AD-BE90-D57ADA89FA1A}.Release|Any CPU.ActiveCfg = Release|Any CPU
		{C6E32DFD-4189-48AD-BE90-D57ADA89FA1A}.Release|Any CPU.Build.0 = Release|Any CPU
		{E4CADC0F-7890-4C7C-BD1B-8AF1987BD934}.Debug|Any CPU.ActiveCfg = Debug|Any CPU
		{E4CADC0F-7890-4C7C-BD1B-8AF1987BD934}.Debug|Any CPU.Build.0 = Debug|Any CPU
		{E4CADC0F-7890-4C7C-BD1B-8AF1987BD934}.Release|Any CPU.ActiveCfg = Release|Any CPU
		{E4CADC0F-7890-4C7C-BD1B-8AF1987BD934}.Release|Any CPU.Build.0 = Release|Any CPU
	EndGlobalSection
	GlobalSection(SolutionProperties) = preSolution
		HideSolutionNode = FALSE
	EndGlobalSection
	GlobalSection(NestedProjects) = preSolution
		{91F43444-2132-411E-AFA3-D280D4407A2B} = {6955FB41-20E6-4872-90BA-87FFDB8EB72C}
		{A1B14F4F-3A22-4000-A06E-B4854E511818} = {6955FB41-20E6-4872-90BA-87FFDB8EB72C}
		{5A6BA151-0D56-4DAA-B6AF-E7F4F2D9D711} = {6955FB41-20E6-4872-90BA-87FFDB8EB72C}
		{C4116955-3085-422C-8DB2-E0D2BD437D71} = {A1B14F4F-3A22-4000-A06E-B4854E511818}
		{878CF26C-27FC-4CC6-BF53-BE8021C8EC6A} = {A1B14F4F-3A22-4000-A06E-B4854E511818}
		{970C19E2-58EA-45D6-AD66-2AEE6FBB868C} = {6955FB41-20E6-4872-90BA-87FFDB8EB72C}
		{CBCED542-BD4B-4A31-BD92-59BA250DA2F9} = {970C19E2-58EA-45D6-AD66-2AEE6FBB868C}
		{24EF41B2-9649-4B0D-A077-57721B9E6F6C} = {A1B14F4F-3A22-4000-A06E-B4854E511818}
		{9FD47D51-46FF-45B8-A11E-D09B424EA54B} = {878CF26C-27FC-4CC6-BF53-BE8021C8EC6A}
		{1410C598-3EDA-4976-9082-3B44B75471C5} = {878CF26C-27FC-4CC6-BF53-BE8021C8EC6A}
		{0368DC3A-5AF8-48E8-8F1B-0FE5E1368540} = {C4116955-3085-422C-8DB2-E0D2BD437D71}
		{216F7D90-A586-4FA4-AD2E-83FC86B0C65E} = {C4116955-3085-422C-8DB2-E0D2BD437D71}
		{E367D8E3-5007-4749-B6BF-B9093E50B832} = {24EF41B2-9649-4B0D-A077-57721B9E6F6C}
		{B7F9D680-C4AB-4FF5-A0A9-BAE420FA62D6} = {91F43444-2132-411E-AFA3-D280D4407A2B}
		{4D789A71-6755-41DA-831C-DAE9A6362AD2} = {CBCED542-BD4B-4A31-BD92-59BA250DA2F9}
		{FB80707C-846E-4E17-BFE2-6B6695E318A1} = {CBCED542-BD4B-4A31-BD92-59BA250DA2F9}
		{B61521B0-17BB-431F-BCB2-17F96C21B1E7} = {CBCED542-BD4B-4A31-BD92-59BA250DA2F9}
		{C6E32DFD-4189-48AD-BE90-D57ADA89FA1A} = {878CF26C-27FC-4CC6-BF53-BE8021C8EC6A}
		{E4CADC0F-7890-4C7C-BD1B-8AF1987BD934} = {878CF26C-27FC-4CC6-BF53-BE8021C8EC6A}
	EndGlobalSection
	GlobalSection(ExtensibilityGlobals) = postSolution
		SolutionGuid = {AE2FCF30-E17D-4420-B51B-E7FC54334B70}
	EndGlobalSection
EndGlobal
